
Microsoft Visual Studio Solution File, Format Version 12.00
# Visual Studio Version 17
VisualStudioVersion = 17.14.36202.13 d17.14
MinimumVisualStudioVersion = 10.0.40219.1
Project("{FAE04EC0-301F-11D3-BF4B-00C04F79EFBC}") = "TaskManagementAPI", "TaskManagementAPI\TaskManagementAPI.csproj", "{22F80772-406A-45B9-99F1-F3C2A9F532C3}"
EndProject
Project("{FAE04EC0-301F-11D3-BF4B-00C04F79EFBC}") = "TaskManagement.Common", "TaskManagement.Common\TaskManagement.Common.csproj", "{559F3AA9-ACE6-43AF-9264-357FC5976FBE}"
EndProject
Global
	GlobalSection(SolutionConfigurationPlatforms) = preSolution
		Debug|Any CPU = Debug|Any CPU
		Release|Any CPU = Release|Any CPU
	EndGlobalSection
	GlobalSection(ProjectConfigurationPlatforms) = postSolution
		{22F80772-406A-45B9-99F1-F3C2A9F532C3}.Debug|Any CPU.ActiveCfg = Debug|Any CPU
		{22F80772-406A-45B9-99F1-F3C2A9F532C3}.Debug|Any CPU.Build.0 = Debug|Any CPU
		{22F80772-406A-45B9-99F1-F3C2A9F532C3}.Release|Any CPU.ActiveCfg = Release|Any CPU
		{22F80772-406A-45B9-99F1-F3C2A9F532C3}.Release|Any CPU.Build.0 = Release|Any CPU
		{559F3AA9-ACE6-43AF-9264-357FC5976FBE}.Debug|Any CPU.ActiveCfg = Debug|Any CPU
		{559F3AA9-ACE6-43AF-9264-357FC5976FBE}.Debug|Any CPU.Build.0 = Debug|Any CPU
		{559F3AA9-ACE6-43AF-9264-357FC5976FBE}.Release|Any CPU.ActiveCfg = Release|Any CPU
		{559F3AA9-ACE6-43AF-9264-357FC5976FBE}.Release|Any CPU.Build.0 = Release|Any CPU
	EndGlobalSection
	GlobalSection(SolutionProperties) = preSolution
		HideSolutionNode = FALSE
	EndGlobalSection
	GlobalSection(ExtensibilityGlobals) = postSolution
		SolutionGuid = {F375B302-9AD2-43E0-8846-5497FC7D6EB8}
	EndGlobalSection
EndGlobal
